{
  "version": 4,
  "terraform_version": "1.2.4",
  "serial": 2,
  "lineage": "6233b048-425b-5263-e768-8bb8add7b962",
  "outputs": {
    "vpc_id": {
      "value": "vpc-0cdcb1a154f56d671",
      "type": "string"
    }
  },
  "resources": [
    {
      "mode": "managed",
      "type": "aws_vpc",
      "name": "myvpc",
      "provider": "provider[\"registry.terraform.io/hashicorp/aws\"]",
      "instances": [
        {
          "schema_version": 1,
          "attributes": {
            "arn": "arn:aws:ec2:eu-central-1:363100270375:vpc/vpc-0cdcb1a154f56d671",
            "assign_generated_ipv6_cidr_block": false,
            "cidr_block": "10.0.0.0/16",
            "default_network_acl_id": "acl-055af67dc92c038f4",
            "default_route_table_id": "rtb-0ca2de8c074afbe3d",
            "default_security_group_id": "sg-0d1cadad7a097c6db",
            "dhcp_options_id": "dopt-0db3efb2f5f3dc1e3",
            "enable_classiclink": false,
            "enable_classiclink_dns_support": false,
            "enable_dns_hostnames": false,
            "enable_dns_support": true,
            "id": "vpc-0cdcb1a154f56d671",
            "instance_tenancy": "default",
            "ipv4_ipam_pool_id": null,
            "ipv4_netmask_length": null,
            "ipv6_association_id": "",
            "ipv6_cidr_block": "",
            "ipv6_cidr_block_network_border_group": "",
            "ipv6_ipam_pool_id": "",
            "ipv6_netmask_length": 0,
            "main_route_table_id": "rtb-0ca2de8c074afbe3d",
            "owner_id": "363100270375",
            "tags": {
              "Name": "myvpc"
            },
            "tags_all": {
              "Name": "myvpc"
            }
          },
          "sensitive_attributes": [],
          "private": "eyJzY2hlbWFfdmVyc2lvbiI6IjEifQ=="
        }
      ]
    }
  ]
}
